
Microsoft Visual Studio Solution File, Format Version 12.00
# Visual Studio 2012
Project("{FAE04EC0-301F-11D3-BF4B-00C04F79EFBC}") = "SUIDSystem.Model", "SUIDSystem.Model\SUIDSystem.Model.csproj", "{C03E4CAE-392B-442B-9A51-C141EED0C546}"
EndProject
Project("{FAE04EC0-301F-11D3-BF4B-00C04F79EFBC}") = "SUIDSystem.DAL", "SUIDSystem.DAL\SUIDSystem.DAL.csproj", "{EC0AD9D9-3E52-4094-9423-4A52BCC3D192}"
EndProject
Project("{FAE04EC0-301F-11D3-BF4B-00C04F79EFBC}") = "SUIDSystem.UI", "SUIDSystem.UI\SUIDSystem.UI.csproj", "{17D64E9E-DDBF-4A0B-9623-AE6EEA154E41}"
EndProject
Global
	GlobalSection(SolutionConfigurationPlatforms) = preSolution
		Debug|Any CPU = Debug|Any CPU
		Release|Any CPU = Release|Any CPU
	EndGlobalSection
	GlobalSection(ProjectConfigurationPlatforms) = postSolution
		{C03E4CAE-392B-442B-9A51-C141EED0C546}.Debug|Any CPU.ActiveCfg = Debug|Any CPU
		{C03E4CAE-392B-442B-9A51-C141EED0C546}.Debug|Any CPU.Build.0 = Debug|Any CPU
		{C03E4CAE-392B-442B-9A51-C141EED0C546}.Release|Any CPU.ActiveCfg = Release|Any CPU
		{C03E4CAE-392B-442B-9A51-C141EED0C546}.Release|Any CPU.Build.0 = Release|Any CPU
		{EC0AD9D9-3E52-4094-9423-4A52BCC3D192}.Debug|Any CPU.ActiveCfg = Debug|Any CPU
		{EC0AD9D9-3E52-4094-9423-4A52BCC3D192}.Debug|Any CPU.Build.0 = Debug|Any CPU
		{EC0AD9D9-3E52-4094-9423-4A52BCC3D192}.Release|Any CPU.ActiveCfg = Release|Any CPU
		{EC0AD9D9-3E52-4094-9423-4A52BCC3D192}.Release|Any CPU.Build.0 = Release|Any CPU
		{17D64E9E-DDBF-4A0B-9623-AE6EEA154E41}.Debug|Any CPU.ActiveCfg = Debug|Any CPU
		{17D64E9E-DDBF-4A0B-9623-AE6EEA154E41}.Debug|Any CPU.Build.0 = Debug|Any CPU
		{17D64E9E-DDBF-4A0B-9623-AE6EEA154E41}.Release|Any CPU.ActiveCfg = Release|Any CPU
		{17D64E9E-DDBF-4A0B-9623-AE6EEA154E41}.Release|Any CPU.Build.0 = Release|Any CPU
	EndGlobalSection
	GlobalSection(SolutionProperties) = preSolution
		HideSolutionNode = FALSE
	EndGlobalSection
EndGlobal
